
Microsoft Visual Studio Solution File, Format Version 12.00
# Visual Studio Version 17
VisualStudioVersion = 17.5.002.0
MinimumVisualStudioVersion = 10.0.40219.1
Project("{2150E333-8FDC-42A3-9474-1A3956D46DE8}") = "Functions", "Functions", "{FFC79245-A435-4546-8C0B-565E51B1074F}"
EndProject
Project("{9A19103F-16F7-4668-BE54-9A1E7A4F7556}") = "FunctionApp", "Functions\FunctionApp\FunctionApp.csproj", "{13A4720D-D8AA-4F68-BCE7-6AECC935F7FE}"
EndProject
Project("{2150E333-8FDC-42A3-9474-1A3956D46DE8}") = "FunctionApp (1)", "FunctionApp", "{9C1B377D-4847-47BC-8E9E-B6398AFF8D0B}"
EndProject
Project("{2150E333-8FDC-42A3-9474-1A3956D46DE8}") = "obj", "obj", "{27747598-36B4-49FC-9697-90F80CE19022}"
EndProject
Project("{2150E333-8FDC-42A3-9474-1A3956D46DE8}") = "Debug", "Debug", "{A6DE8297-8BD5-4027-ADC3-DCA0AE558CF2}"
EndProject
Project("{2150E333-8FDC-42A3-9474-1A3956D46DE8}") = "net8.0", "net8.0", "{AFB2A962-7025-4AFB-A72F-652A6FE1D628}"
EndProject
Project("{9A19103F-16F7-4668-BE54-9A1E7A4F7556}") = "WorkerExtensions", "Functions\FunctionApp\obj\Debug\net8.0\WorkerExtensions\WorkerExtensions.csproj", "{020B57CF-976E-4DBA-95F3-5360D5BA78C2}"
EndProject
Project("{2150E333-8FDC-42A3-9474-1A3956D46DE8}") = "Release", "Release", "{36A56067-39D5-4847-9F7E-9B156EE18AA4}"
EndProject
Project("{2150E333-8FDC-42A3-9474-1A3956D46DE8}") = "net8.0", "net8.0", "{D3A96AA0-4C4C-4ACC-A097-B37818C34DB4}"
EndProject
Project("{9A19103F-16F7-4668-BE54-9A1E7A4F7556}") = "WorkerExtensions", "Functions\FunctionApp\obj\Release\net8.0\WorkerExtensions\WorkerExtensions.csproj", "{8772187D-604C-4A41-B319-A96320890F1F}"
EndProject
Project("{2150E333-8FDC-42A3-9474-1A3956D46DE8}") = "win-x64", "win-x64", "{01BDD198-8622-4D30-B5F6-C77BA70EC2DB}"
EndProject
Project("{9A19103F-16F7-4668-BE54-9A1E7A4F7556}") = "WorkerExtensions", "Functions\FunctionApp\obj\Release\net8.0\win-x64\WorkerExtensions\WorkerExtensions.csproj", "{876A3702-8E21-4081-A0C6-83F2F4010A62}"
EndProject
Global
	GlobalSection(SolutionConfigurationPlatforms) = preSolution
		Debug|Any CPU = Debug|Any CPU
		Release|Any CPU = Release|Any CPU
	EndGlobalSection
	GlobalSection(ProjectConfigurationPlatforms) = postSolution
		{13A4720D-D8AA-4F68-BCE7-6AECC935F7FE}.Debug|Any CPU.ActiveCfg = Debug|Any CPU
		{13A4720D-D8AA-4F68-BCE7-6AECC935F7FE}.Debug|Any CPU.Build.0 = Debug|Any CPU
		{13A4720D-D8AA-4F68-BCE7-6AECC935F7FE}.Release|Any CPU.ActiveCfg = Release|Any CPU
		{13A4720D-D8AA-4F68-BCE7-6AECC935F7FE}.Release|Any CPU.Build.0 = Release|Any CPU
		{020B57CF-976E-4DBA-95F3-5360D5BA78C2}.Debug|Any CPU.ActiveCfg = Debug|Any CPU
		{020B57CF-976E-4DBA-95F3-5360D5BA78C2}.Debug|Any CPU.Build.0 = Debug|Any CPU
		{020B57CF-976E-4DBA-95F3-5360D5BA78C2}.Release|Any CPU.ActiveCfg = Release|Any CPU
		{020B57CF-976E-4DBA-95F3-5360D5BA78C2}.Release|Any CPU.Build.0 = Release|Any CPU
		{8772187D-604C-4A41-B319-A96320890F1F}.Debug|Any CPU.ActiveCfg = Debug|Any CPU
		{8772187D-604C-4A41-B319-A96320890F1F}.Debug|Any CPU.Build.0 = Debug|Any CPU
		{8772187D-604C-4A41-B319-A96320890F1F}.Release|Any CPU.ActiveCfg = Release|Any CPU
		{8772187D-604C-4A41-B319-A96320890F1F}.Release|Any CPU.Build.0 = Release|Any CPU
		{876A3702-8E21-4081-A0C6-83F2F4010A62}.Debug|Any CPU.ActiveCfg = Debug|Any CPU
		{876A3702-8E21-4081-A0C6-83F2F4010A62}.Debug|Any CPU.Build.0 = Debug|Any CPU
		{876A3702-8E21-4081-A0C6-83F2F4010A62}.Release|Any CPU.ActiveCfg = Release|Any CPU
		{876A3702-8E21-4081-A0C6-83F2F4010A62}.Release|Any CPU.Build.0 = Release|Any CPU
	EndGlobalSection
	GlobalSection(SolutionProperties) = preSolution
		HideSolutionNode = FALSE
	EndGlobalSection
	GlobalSection(NestedProjects) = preSolution
		{13A4720D-D8AA-4F68-BCE7-6AECC935F7FE} = {FFC79245-A435-4546-8C0B-565E51B1074F}
		{9C1B377D-4847-47BC-8E9E-B6398AFF8D0B} = {FFC79245-A435-4546-8C0B-565E51B1074F}
		{27747598-36B4-49FC-9697-90F80CE19022} = {9C1B377D-4847-47BC-8E9E-B6398AFF8D0B}
		{A6DE8297-8BD5-4027-ADC3-DCA0AE558CF2} = {27747598-36B4-49FC-9697-90F80CE19022}
		{AFB2A962-7025-4AFB-A72F-652A6FE1D628} = {A6DE8297-8BD5-4027-ADC3-DCA0AE558CF2}
		{020B57CF-976E-4DBA-95F3-5360D5BA78C2} = {AFB2A962-7025-4AFB-A72F-652A6FE1D628}
		{36A56067-39D5-4847-9F7E-9B156EE18AA4} = {27747598-36B4-49FC-9697-90F80CE19022}
		{D3A96AA0-4C4C-4ACC-A097-B37818C34DB4} = {36A56067-39D5-4847-9F7E-9B156EE18AA4}
		{8772187D-604C-4A41-B319-A96320890F1F} = {D3A96AA0-4C4C-4ACC-A097-B37818C34DB4}
		{01BDD198-8622-4D30-B5F6-C77BA70EC2DB} = {D3A96AA0-4C4C-4ACC-A097-B37818C34DB4}
		{876A3702-8E21-4081-A0C6-83F2F4010A62} = {01BDD198-8622-4D30-B5F6-C77BA70EC2DB}
	EndGlobalSection
	GlobalSection(ExtensibilityGlobals) = postSolution
		SolutionGuid = {299EADB8-08B5-4548-9C10-83A7AE8B1BAF}
	EndGlobalSection
EndGlobal
